uuid: 675821d5-9b03-48dc-87d9-bd2b5e842419
langcode: en
status: true
dependencies:
  config:
    - block_visibility_groups.block_visibility_group.blog
    - views.view.tags
  module:
    - block_visibility_groups
    - views
  theme:
    - mcgreen_acres_theme
id: views_block__tags_tag_block
theme: mcgreen_acres_theme
region: sidebar_second
weight: 0
provider: null
plugin: 'views_block:tags-tag_block'
settings:
  id: 'views_block:tags-tag_block'
  label: ''
  provider: views
  label_display: visible
  views_label: ''
  items_per_page: none
visibility:
  condition_group:
    id: condition_group
    negate: false
    block_visibility_group: blog
    context_mapping: {  }
